// !$*UTF8*$!
{
	archiveVersion = 1;
	classes = {
	};
	objectVersion = 56;
	objects = {

/* Begin PBXBuildFile section */
		9AD81E742B0D4DF1009ACCFC /* CaptainsCompanionApp.swift in Sources */ = {isa = PBXBuildFile; fileRef = 9AD81E732B0D4DF1009ACCFC /* CaptainsCompanionApp.swift */; };
		9AD81E762B0D4DF1009ACCFC /* VesselListView.swift in Sources */ = {isa = PBXBuildFile; fileRef = 9AD81E752B0D4DF1009ACCFC /* VesselListView.swift */; };
		9AD81E782B0D4DF1009ACCFC /* Vessel.swift in Sources */ = {isa = PBXBuildFile; fileRef = 9AD81E772B0D4DF1009ACCFC /* Vessel.swift */; };
		9AD81E7A2B0D4DF3009ACCFC /* Assets.xcassets in Resources */ = {isa = PBXBuildFile; fileRef = 9AD81E792B0D4DF3009ACCFC /* Assets.xcassets */; };
		9AD81E7E2B0D4DF3009ACCFC /* Preview Assets.xcassets in Resources */ = {isa = PBXBuildFile; fileRef = 9AD81E7D2B0D4DF3009ACCFC /* Preview Assets.xcassets */; };
		9AD81E892B0D4DF3009ACCFC /* CaptainsCompanionTests.swift in Sources */ = {isa = PBXBuildFile; fileRef = 9AD81E882B0D4DF3009ACCFC /* CaptainsCompanionTests.swift */; };
		9AD81E932B0D4DF3009ACCFC /* CaptainsCompanionUITests.swift in Sources */ = {isa = PBXBuildFile; fileRef = 9AD81E922B0D4DF3009ACCFC /* CaptainsCompanionUITests.swift */; };
		9AD81E952B0D4DF3009ACCFC /* CaptainsCompanionUITestsLaunchTests.swift in Sources */ = {isa = PBXBuildFile; fileRef = 9AD81E942B0D4DF3009ACCFC /* CaptainsCompanionUITestsLaunchTests.swift */; };
		9AD81EA82B0D57B1009ACCFC /* Localizable.strings in Resources */ = {isa = PBXBuildFile; fileRef = 9AD81EAA2B0D57B1009ACCFC /* Localizable.strings */; };
		9AD81EAC2B0D645E009ACCFC /* VesselDetailEditView.swift in Sources */ = {isa = PBXBuildFile; fileRef = 9AD81EAB2B0D645E009ACCFC /* VesselDetailEditView.swift */; };
/* End PBXBuildFile section */

/* Begin PBXContainerItemProxy section */
		9AD81E852B0D4DF3009ACCFC /* PBXContainerItemProxy */ = {
			isa = PBXContainerItemProxy;
			containerPortal = 9AD81E682B0D4DF1009ACCFC /* Project object */;
			proxyType = 1;
			remoteGlobalIDString = 9AD81E6F2B0D4DF1009ACCFC;
			remoteInfo = CaptainsCompanion;
		};
		9AD81E8F2B0D4DF3009ACCFC /* PBXContainerItemProxy */ = {
			isa = PBXContainerItemProxy;
			containerPortal = 9AD81E682B0D4DF1009ACCFC /* Project object */;
			proxyType = 1;
			remoteGlobalIDString = 9AD81E6F2B0D4DF1009ACCFC;
			remoteInfo = CaptainsCompanion;
		};
/* End PBXContainerItemProxy section */

/* Begin PBXFileReference section */
		9AD81E702B0D4DF1009ACCFC /* CaptainsCompanion.app */ = {isa = PBXFileReference; explicitFileType = wrapper.application; includeInIndex = 0; path = CaptainsCompanion.app; sourceTree = BUILT_PRODUCTS_DIR; };
		9AD81E732B0D4DF1009ACCFC /* CaptainsCompanionApp.swift */ = {isa = PBXFileReference; lastKnownFileType = sourcecode.swift; path = CaptainsCompanionApp.swift; sourceTree = "<group>"; };
		9AD81E752B0D4DF1009ACCFC /* VesselListView.swift */ = {isa = PBXFileReference; lastKnownFileType = sourcecode.swift; path = VesselListView.swift; sourceTree = "<group>"; };
		9AD81E772B0D4DF1009ACCFC /* Vessel.swift */ = {isa = PBXFileReference; lastKnownFileType = sourcecode.swift; path = Vessel.swift; sourceTree = "<group>"; };
		9AD81E792B0D4DF3009ACCFC /* Assets.xcassets */ = {isa = PBXFileReference; lastKnownFileType = folder.assetcatalog; path = Assets.xcassets; sourceTree = "<group>"; };
		9AD81E7B2B0D4DF3009ACCFC /* CaptainsCompanion.entitlements */ = {isa = PBXFileReference; lastKnownFileType = text.plist.entitlements; path = CaptainsCompanion.entitlements; sourceTree = "<group>"; };
		9AD81E7D2B0D4DF3009ACCFC /* Preview Assets.xcassets */ = {isa = PBXFileReference; lastKnownFileType = folder.assetcatalog; path = "Preview Assets.xcassets"; sourceTree = "<group>"; };
		9AD81E7F2B0D4DF3009ACCFC /* Info.plist */ = {isa = PBXFileReference; lastKnownFileType = text.plist.xml; path = Info.plist; sourceTree = "<group>"; };
		9AD81E842B0D4DF3009ACCFC /* CaptainsCompanionTests.xctest */ = {isa = PBXFileReference; explicitFileType = wrapper.cfbundle; includeInIndex = 0; path = CaptainsCompanionTests.xctest; sourceTree = BUILT_PRODUCTS_DIR; };
		9AD81E882B0D4DF3009ACCFC /* CaptainsCompanionTests.swift */ = {isa = PBXFileReference; lastKnownFileType = sourcecode.swift; path = CaptainsCompanionTests.swift; sourceTree = "<group>"; };
		9AD81E8E2B0D4DF3009ACCFC /* CaptainsCompanionUITests.xctest */ = {isa = PBXFileReference; explicitFileType = wrapper.cfbundle; includeInIndex = 0; path = CaptainsCompanionUITests.xctest; sourceTree = BUILT_PRODUCTS_DIR; };
		9AD81E922B0D4DF3009ACCFC /* CaptainsCompanionUITests.swift */ = {isa = PBXFileReference; lastKnownFileType = sourcecode.swift; path = CaptainsCompanionUITests.swift; sourceTree = "<group>"; };
		9AD81E942B0D4DF3009ACCFC /* CaptainsCompanionUITestsLaunchTests.swift */ = {isa = PBXFileReference; lastKnownFileType = sourcecode.swift; path = CaptainsCompanionUITestsLaunchTests.swift; sourceTree = "<group>"; };
		9AD81EA92B0D57B1009ACCFC /* en */ = {isa = PBXFileReference; lastKnownFileType = text.plist.strings; name = en; path = en.lproj/Localizable.strings; sourceTree = "<group>"; };
		9AD81EAB2B0D645E009ACCFC /* VesselDetailEditView.swift */ = {isa = PBXFileReference; lastKnownFileType = sourcecode.swift; path = VesselDetailEditView.swift; sourceTree = "<group>"; };
/* End PBXFileReference section */

/* Begin PBXFrameworksBuildPhase section */
		9AD81E6D2B0D4DF1009ACCFC /* Frameworks */ = {
			isa = PBXFrameworksBuildPhase;
			buildActionMask = 2147483647;
			files = (
			);
			runOnlyForDeploymentPostprocessing = 0;
		};
		9AD81E812B0D4DF3009ACCFC /* Frameworks */ = {
			isa = PBXFrameworksBuildPhase;
			buildActionMask = 2147483647;
			files = (
			);
			runOnlyForDeploymentPostprocessing = 0;
		};
		9AD81E8B2B0D4DF3009ACCFC /* Frameworks */ = {
			isa = PBXFrameworksBuildPhase;
			buildActionMask = 2147483647;
			files = (
			);
			runOnlyForDeploymentPostprocessing = 0;
		};
/* End PBXFrameworksBuildPhase section */

/* Begin PBXGroup section */
		9AD81E672B0D4DF1009ACCFC = {
			isa = PBXGroup;
			children = (
				9AD81E722B0D4DF1009ACCFC /* CaptainsCompanion */,
				9AD81E872B0D4DF3009ACCFC /* CaptainsCompanionTests */,
				9AD81E912B0D4DF3009ACCFC /* CaptainsCompanionUITests */,
				9AD81E712B0D4DF1009ACCFC /* Products */,
			);
			sourceTree = "<group>";
		};
		9AD81E712B0D4DF1009ACCFC /* Products */ = {
			isa = PBXGroup;
			children = (
				9AD81E702B0D4DF1009ACCFC /* CaptainsCompanion.app */,
				9AD81E842B0D4DF3009ACCFC /* CaptainsCompanionTests.xctest */,
				9AD81E8E2B0D4DF3009ACCFC /* CaptainsCompanionUITests.xctest */,
			);
			name = Products;
			sourceTree = "<group>";
		};
		9AD81E722B0D4DF1009ACCFC /* CaptainsCompanion */ = {
			isa = PBXGroup;
			children = (
				9AD81EA52B0D569C009ACCFC /* l10n */,
				9AD81EA42B0D5556009ACCFC /* view */,
				9AD81EA32B0D554B009ACCFC /* model */,
				9AD81E732B0D4DF1009ACCFC /* CaptainsCompanionApp.swift */,
				9AD81E792B0D4DF3009ACCFC /* Assets.xcassets */,
				9AD81E7B2B0D4DF3009ACCFC /* CaptainsCompanion.entitlements */,
				9AD81E7F2B0D4DF3009ACCFC /* Info.plist */,
				9AD81E7C2B0D4DF3009ACCFC /* Preview Content */,
			);
			path = CaptainsCompanion;
			sourceTree = "<group>";
		};
		9AD81E7C2B0D4DF3009ACCFC /* Preview Content */ = {
			isa = PBXGroup;
			children = (
				9AD81E7D2B0D4DF3009ACCFC /* Preview Assets.xcassets */,
			);
			path = "Preview Content";
			sourceTree = "<group>";
		};
		9AD81E872B0D4DF3009ACCFC /* CaptainsCompanionTests */ = {
			isa = PBXGroup;
			children = (
				9AD81E882B0D4DF3009ACCFC /* CaptainsCompanionTests.swift */,
			);
			path = CaptainsCompanionTests;
			sourceTree = "<group>";
		};
		9AD81E912B0D4DF3009ACCFC /* CaptainsCompanionUITests */ = {
			isa = PBXGroup;
			children = (
				9AD81E922B0D4DF3009ACCFC /* CaptainsCompanionUITests.swift */,
				9AD81E942B0D4DF3009ACCFC /* CaptainsCompanionUITestsLaunchTests.swift */,
			);
			path = CaptainsCompanionUITests;
			sourceTree = "<group>";
		};
		9AD81EA32B0D554B009ACCFC /* model */ = {
			isa = PBXGroup;
			children = (
				9AD81E772B0D4DF1009ACCFC /* Vessel.swift */,
			);
			path = model;
			sourceTree = "<group>";
		};
		9AD81EA42B0D5556009ACCFC /* view */ = {
			isa = PBXGroup;
			children = (
				9AD81E752B0D4DF1009ACCFC /* VesselListView.swift */,
				9AD81EAB2B0D645E009ACCFC /* VesselDetailEditView.swift */,
			);
			path = view;
			sourceTree = "<group>";
		};
		9AD81EA52B0D569C009ACCFC /* l10n */ = {
			isa = PBXGroup;
			children = (
				9AD81EAA2B0D57B1009ACCFC /* Localizable.strings */,
			);
			path = l10n;
			sourceTree = "<group>";
		};
/* End PBXGroup section */

/* Begin PBXNativeTarget section */
		9AD81E6F2B0D4DF1009ACCFC /* CaptainsCompanion */ = {
			isa = PBXNativeTarget;
			buildConfigurationList = 9AD81E982B0D4DF3009ACCFC /* Build configuration list for PBXNativeTarget "CaptainsCompanion" */;
			buildPhases = (
				9AD81E6C2B0D4DF1009ACCFC /* Sources */,
				9AD81E6D2B0D4DF1009ACCFC /* Frameworks */,
				9AD81E6E2B0D4DF1009ACCFC /* Resources */,
			);
			buildRules = (
			);
			dependencies = (
			);
			name = CaptainsCompanion;
			productName = CaptainsCompanion;
			productReference = 9AD81E702B0D4DF1009ACCFC /* CaptainsCompanion.app */;
			productType = "com.apple.product-type.application";
		};
		9AD81E832B0D4DF3009ACCFC /* CaptainsCompanionTests */ = {
			isa = PBXNativeTarget;
			buildConfigurationList = 9AD81E9B2B0D4DF3009ACCFC /* Build configuration list for PBXNativeTarget "CaptainsCompanionTests" */;
			buildPhases = (
				9AD81E802B0D4DF3009ACCFC /* Sources */,
				9AD81E812B0D4DF3009ACCFC /* Frameworks */,
				9AD81E822B0D4DF3009ACCFC /* Resources */,
			);
			buildRules = (
			);
			dependencies = (
				9AD81E862B0D4DF3009ACCFC /* PBXTargetDependency */,
			);
			name = CaptainsCompanionTests;
			productName = CaptainsCompanionTests;
			productReference = 9AD81E842B0D4DF3009ACCFC /* CaptainsCompanionTests.xctest */;
			productType = "com.apple.product-type.bundle.unit-test";
		};
		9AD81E8D2B0D4DF3009ACCFC /* CaptainsCompanionUITests */ = {
			isa = PBXNativeTarget;
			buildConfigurationList = 9AD81E9E2B0D4DF3009ACCFC /* Build configuration list for PBXNativeTarget "CaptainsCompanionUITests" */;
			buildPhases = (
				9AD81E8A2B0D4DF3009ACCFC /* Sources */,
				9AD81E8B2B0D4DF3009ACCFC /* Frameworks */,
				9AD81E8C2B0D4DF3009ACCFC /* Resources */,
			);
			buildRules = (
			);
			dependencies = (
				9AD81E902B0D4DF3009ACCFC /* PBXTargetDependency */,
			);
			name = CaptainsCompanionUITests;
			productName = CaptainsCompanionUITests;
			productReference = 9AD81E8E2B0D4DF3009ACCFC /* CaptainsCompanionUITests.xctest */;
			productType = "com.apple.product-type.bundle.ui-testing";
		};
/* End PBXNativeTarget section */

/* Begin PBXProject section */
		9AD81E682B0D4DF1009ACCFC /* Project object */ = {
			isa = PBXProject;
			attributes = {
				BuildIndependentTargetsInParallel = 1;
				LastSwiftUpdateCheck = 1500;
				LastUpgradeCheck = 1500;
				TargetAttributes = {
					9AD81E6F2B0D4DF1009ACCFC = {
						CreatedOnToolsVersion = 15.0.1;
					};
					9AD81E832B0D4DF3009ACCFC = {
						CreatedOnToolsVersion = 15.0.1;
						TestTargetID = 9AD81E6F2B0D4DF1009ACCFC;
					};
					9AD81E8D2B0D4DF3009ACCFC = {
						CreatedOnToolsVersion = 15.0.1;
						TestTargetID = 9AD81E6F2B0D4DF1009ACCFC;
					};
				};
			};
			buildConfigurationList = 9AD81E6B2B0D4DF1009ACCFC /* Build configuration list for PBXProject "CaptainsCompanion" */;
			compatibilityVersion = "Xcode 14.0";
			developmentRegion = en;
			hasScannedForEncodings = 0;
			knownRegions = (
				en,
				Base,
			);
			mainGroup = 9AD81E672B0D4DF1009ACCFC;
			productRefGroup = 9AD81E712B0D4DF1009ACCFC /* Products */;
			projectDirPath = "";
			projectRoot = "";
			targets = (
				9AD81E6F2B0D4DF1009ACCFC /* CaptainsCompanion */,
				9AD81E832B0D4DF3009ACCFC /* CaptainsCompanionTests */,
				9AD81E8D2B0D4DF3009ACCFC /* CaptainsCompanionUITests */,
			);
		};
/* End PBXProject section */

/* Begin PBXResourcesBuildPhase section */
		9AD81E6E2B0D4DF1009ACCFC /* Resources */ = {
			isa = PBXResourcesBuildPhase;
			buildActionMask = 2147483647;
			files = (
				9AD81E7E2B0D4DF3009ACCFC /* Preview Assets.xcassets in Resources */,
				9AD81EA82B0D57B1009ACCFC /* Localizable.strings in Resources */,
				9AD81E7A2B0D4DF3009ACCFC /* Assets.xcassets in Resources */,
			);
			runOnlyForDeploymentPostprocessing = 0;
		};
		9AD81E822B0D4DF3009ACCFC /* Resources */ = {
			isa = PBXResourcesBuildPhase;
			buildActionMask = 2147483647;
			files = (
			);
			runOnlyForDeploymentPostprocessing = 0;
		};
		9AD81E8C2B0D4DF3009ACCFC /* Resources */ = {
			isa = PBXResourcesBuildPhase;
			buildActionMask = 2147483647;
			files = (
			);
			runOnlyForDeploymentPostprocessing = 0;
		};
/* End PBXResourcesBuildPhase section */

/* Begin PBXSourcesBuildPhase section */
		9AD81E6C2B0D4DF1009ACCFC /* Sources */ = {
			isa = PBXSourcesBuildPhase;
			buildActionMask = 2147483647;
			files = (
				9AD81E762B0D4DF1009ACCFC /* VesselListView.swift in Sources */,
				9AD81E782B0D4DF1009ACCFC /* Vessel.swift in Sources */,
				9AD81E742B0D4DF1009ACCFC /* CaptainsCompanionApp.swift in Sources */,
				9AD81EAC2B0D645E009ACCFC /* VesselDetailEditView.swift in Sources */,
			);
			runOnlyForDeploymentPostprocessing = 0;
		};
		9AD81E802B0D4DF3009ACCFC /* Sources */ = {
			isa = PBXSourcesBuildPhase;
			buildActionMask = 2147483647;
			files = (
				9AD81E892B0D4DF3009ACCFC /* CaptainsCompanionTests.swift in Sources */,
			);
			runOnlyForDeploymentPostprocessing = 0;
		};
		9AD81E8A2B0D4DF3009ACCFC /* Sources */ = {
			isa = PBXSourcesBuildPhase;
			buildActionMask = 2147483647;
			files = (
				9AD81E952B0D4DF3009ACCFC /* CaptainsCompanionUITestsLaunchTests.swift in Sources */,
				9AD81E932B0D4DF3009ACCFC /* CaptainsCompanionUITests.swift in Sources */,
			);
			runOnlyForDeploymentPostprocessing = 0;
		};
/* End PBXSourcesBuildPhase section */

/* Begin PBXTargetDependency section */
		9AD81E862B0D4DF3009ACCFC /* PBXTargetDependency */ = {
			isa = PBXTargetDependency;
			target = 9AD81E6F2B0D4DF1009ACCFC /* CaptainsCompanion */;
			targetProxy = 9AD81E852B0D4DF3009ACCFC /* PBXContainerItemProxy */;
		};
		9AD81E902B0D4DF3009ACCFC /* PBXTargetDependency */ = {
			isa = PBXTargetDependency;
			target = 9AD81E6F2B0D4DF1009ACCFC /* CaptainsCompanion */;
			targetProxy = 9AD81E8F2B0D4DF3009ACCFC /* PBXContainerItemProxy */;
		};
/* End PBXTargetDependency section */

/* Begin PBXVariantGroup section */
		9AD81EAA2B0D57B1009ACCFC /* Localizable.strings */ = {
			isa = PBXVariantGroup;
			children = (
				9AD81EA92B0D57B1009ACCFC /* en */,
			);
			name = Localizable.strings;
			sourceTree = "<group>";
		};
/* End PBXVariantGroup section */

/* Begin XCBuildConfiguration section */
		9AD81E962B0D4DF3009ACCFC /* Debug */ = {
			isa = XCBuildConfiguration;
			buildSettings = {
				ALWAYS_SEARCH_USER_PATHS = NO;
				ASSETCATALOG_COMPILER_GENERATE_SWIFT_ASSET_SYMBOL_EXTENSIONS = YES;
				CLANG_ANALYZER_NONNULL = YES;
				CLANG_ANALYZER_NUMBER_OBJECT_CONVERSION = YES_AGGRESSIVE;
				CLANG_CXX_LANGUAGE_STANDARD = "gnu++20";
				CLANG_ENABLE_MODULES = YES;
				CLANG_ENABLE_OBJC_ARC = YES;
				CLANG_ENABLE_OBJC_WEAK = YES;
				CLANG_WARN_BLOCK_CAPTURE_AUTORELEASING = YES;
				CLANG_WARN_BOOL_CONVERSION = YES;
				CLANG_WARN_COMMA = YES;
				CLANG_WARN_CONSTANT_CONVERSION = YES;
				CLANG_WARN_DEPRECATED_OBJC_IMPLEMENTATIONS = YES;
				CLANG_WARN_DIRECT_OBJC_ISA_USAGE = YES_ERROR;
				CLANG_WARN_DOCUMENTATION_COMMENTS = YES;
				CLANG_WARN_EMPTY_BODY = YES;
				CLANG_WARN_ENUM_CONVERSION = YES;
				CLANG_WARN_INFINITE_RECURSION = YES;
				CLANG_WARN_INT_CONVERSION = YES;
				CLANG_WARN_NON_LITERAL_NULL_CONVERSION = YES;
				CLANG_WARN_OBJC_IMPLICIT_RETAIN_SELF = YES;
				CLANG_WARN_OBJC_LITERAL_CONVERSION = YES;
				CLANG_WARN_OBJC_ROOT_CLASS = YES_ERROR;
				CLANG_WARN_QUOTED_INCLUDE_IN_FRAMEWORK_HEADER = YES;
				CLANG_WARN_RANGE_LOOP_ANALYSIS = YES;
				CLANG_WARN_STRICT_PROTOTYPES = YES;
				CLANG_WARN_SUSPICIOUS_MOVE = YES;
				CLANG_WARN_UNGUARDED_AVAILABILITY = YES_AGGRESSIVE;
				CLANG_WARN_UNREACHABLE_CODE = YES;
				CLANG_WARN__DUPLICATE_METHOD_MATCH = YES;
				COPY_PHASE_STRIP = NO;
				DEBUG_INFORMATION_FORMAT = dwarf;
				ENABLE_STRICT_OBJC_MSGSEND = YES;
				ENABLE_TESTABILITY = YES;
				ENABLE_USER_SCRIPT_SANDBOXING = YES;
				GCC_C_LANGUAGE_STANDARD = gnu17;
				GCC_DYNAMIC_NO_PIC = NO;
				GCC_NO_COMMON_BLOCKS = YES;
				GCC_OPTIMIZATION_LEVEL = 0;
				GCC_PREPROCESSOR_DEFINITIONS = (
					"DEBUG=1",
					"$(inherited)",
				);
				GCC_WARN_64_TO_32_BIT_CONVERSION = YES;
				GCC_WARN_ABOUT_RETURN_TYPE = YES_ERROR;
				GCC_WARN_UNDECLARED_SELECTOR = YES;
				GCC_WARN_UNINITIALIZED_AUTOS = YES_AGGRESSIVE;
				GCC_WARN_UNUSED_FUNCTION = YES;
				GCC_WARN_UNUSED_VARIABLE = YES;
				LOCALIZATION_PREFERS_STRING_CATALOGS = YES;
				MTL_ENABLE_DEBUG_INFO = INCLUDE_SOURCE;
				MTL_FAST_MATH = YES;
				ONLY_ACTIVE_ARCH = YES;
				SWIFT_ACTIVE_COMPILATION_CONDITIONS = "DEBUG $(inherited)";
				SWIFT_OPTIMIZATION_LEVEL = "-Onone";
			};
			name = Debug;
		};
		9AD81E972B0D4DF3009ACCFC /* Release */ = {
			isa = XCBuildConfiguration;
			buildSettings = {
				ALWAYS_SEARCH_USER_PATHS = NO;
				ASSETCATALOG_COMPILER_GENERATE_SWIFT_ASSET_SYMBOL_EXTENSIONS = YES;
				CLANG_ANALYZER_NONNULL = YES;
				CLANG_ANALYZER_NUMBER_OBJECT_CONVERSION = YES_AGGRESSIVE;
				CLANG_CXX_LANGUAGE_STANDARD = "gnu++20";
				CLANG_ENABLE_MODULES = YES;
				CLANG_ENABLE_OBJC_ARC = YES;
				CLANG_ENABLE_OBJC_WEAK = YES;
				CLANG_WARN_BLOCK_CAPTURE_AUTORELEASING = YES;
				CLANG_WARN_BOOL_CONVERSION = YES;
				CLANG_WARN_COMMA = YES;
				CLANG_WARN_CONSTANT_CONVERSION = YES;
				CLANG_WARN_DEPRECATED_OBJC_IMPLEMENTATIONS = YES;
				CLANG_WARN_DIRECT_OBJC_ISA_USAGE = YES_ERROR;
				CLANG_WARN_DOCUMENTATION_COMMENTS = YES;
				CLANG_WARN_EMPTY_BODY = YES;
				CLANG_WARN_ENUM_CONVERSION = YES;
				CLANG_WARN_INFINITE_RECURSION = YES;
				CLANG_WARN_INT_CONVERSION = YES;
				CLANG_WARN_NON_LITERAL_NULL_CONVERSION = YES;
				CLANG_WARN_OBJC_IMPLICIT_RETAIN_SELF = YES;
				CLANG_WARN_OBJC_LITERAL_CONVERSION = YES;
				CLANG_WARN_OBJC_ROOT_CLASS = YES_ERROR;
				CLANG_WARN_QUOTED_INCLUDE_IN_FRAMEWORK_HEADER = YES;
				CLANG_WARN_RANGE_LOOP_ANALYSIS = YES;
				CLANG_WARN_STRICT_PROTOTYPES = YES;
				CLANG_WARN_SUSPICIOUS_MOVE = YES;
				CLANG_WARN_UNGUARDED_AVAILABILITY = YES_AGGRESSIVE;
				CLANG_WARN_UNREACHABLE_CODE = YES;
				CLANG_WARN__DUPLICATE_METHOD_MATCH = YES;
				COPY_PHASE_STRIP = NO;
				DEBUG_INFORMATION_FORMAT = "dwarf-with-dsym";
				ENABLE_NS_ASSERTIONS = NO;
				ENABLE_STRICT_OBJC_MSGSEND = YES;
				ENABLE_USER_SCRIPT_SANDBOXING = YES;
				GCC_C_LANGUAGE_STANDARD = gnu17;
				GCC_NO_COMMON_BLOCKS = YES;
				GCC_WARN_64_TO_32_BIT_CONVERSION = YES;
				GCC_WARN_ABOUT_RETURN_TYPE = YES_ERROR;
				GCC_WARN_UNDECLARED_SELECTOR = YES;
				GCC_WARN_UNINITIALIZED_AUTOS = YES_AGGRESSIVE;
				GCC_WARN_UNUSED_FUNCTION = YES;
				GCC_WARN_UNUSED_VARIABLE = YES;
				LOCALIZATION_PREFERS_STRING_CATALOGS = YES;
				MTL_ENABLE_DEBUG_INFO = NO;
				MTL_FAST_MATH = YES;
				SWIFT_COMPILATION_MODE = wholemodule;
			};
			name = Release;
		};
		9AD81E992B0D4DF3009ACCFC /* Debug */ = {
			isa = XCBuildConfiguration;
			buildSettings = {
				ASSETCATALOG_COMPILER_APPICON_NAME = AppIcon;
				ASSETCATALOG_COMPILER_GLOBAL_ACCENT_COLOR_NAME = AccentColor;
				CODE_SIGN_ENTITLEMENTS = CaptainsCompanion/CaptainsCompanion.entitlements;
				CODE_SIGN_STYLE = Automatic;
				CURRENT_PROJECT_VERSION = 1;
				DEVELOPMENT_ASSET_PATHS = "\"CaptainsCompanion/Preview Content\"";
				DEVELOPMENT_TEAM = 87635PD639;
				ENABLE_HARDENED_RUNTIME = YES;
				"ENABLE_HARDENED_RUNTIME[sdk=macosx*]" = YES;
				ENABLE_PREVIEWS = YES;
				GENERATE_INFOPLIST_FILE = YES;
				INFOPLIST_FILE = CaptainsCompanion/Info.plist;
				"INFOPLIST_KEY_UIApplicationSceneManifest_Generation[sdk=iphoneos*]" = YES;
				"INFOPLIST_KEY_UIApplicationSceneManifest_Generation[sdk=iphonesimulator*]" = YES;
				"INFOPLIST_KEY_UIApplicationSupportsIndirectInputEvents[sdk=iphoneos*]" = YES;
				"INFOPLIST_KEY_UIApplicationSupportsIndirectInputEvents[sdk=iphonesimulator*]" = YES;
				"INFOPLIST_KEY_UILaunchScreen_Generation[sdk=iphoneos*]" = YES;
				"INFOPLIST_KEY_UILaunchScreen_Generation[sdk=iphonesimulator*]" = YES;
				"INFOPLIST_KEY_UIStatusBarStyle[sdk=iphoneos*]" = UIStatusBarStyleDefault;
				"INFOPLIST_KEY_UIStatusBarStyle[sdk=iphonesimulator*]" = UIStatusBarStyleDefault;
				INFOPLIST_KEY_UISupportedInterfaceOrientations_iPad = "UIInterfaceOrientationPortrait UIInterfaceOrientationPortraitUpsideDown UIInterfaceOrientationLandscapeLeft UIInterfaceOrientationLandscapeRight";
				INFOPLIST_KEY_UISupportedInterfaceOrientations_iPhone = "UIInterfaceOrientationPortrait UIInterfaceOrientationLandscapeLeft UIInterfaceOrientationLandscapeRight";
				IPHONEOS_DEPLOYMENT_TARGET = 17.0;
				LD_RUNPATH_SEARCH_PATHS = "@executable_path/Frameworks";
				"LD_RUNPATH_SEARCH_PATHS[sdk=macosx*]" = "@executable_path/../Frameworks";
				MACOSX_DEPLOYMENT_TARGET = 14.0;
				MARKETING_VERSION = 1.0;
				PRODUCT_BUNDLE_IDENTIFIER = sv.salacia.CaptainsCompanion;
				PRODUCT_NAME = "$(TARGET_NAME)";
				SDKROOT = auto;
				SUPPORTED_PLATFORMS = "iphoneos iphonesimulator macosx";
				SWIFT_EMIT_LOC_STRINGS = YES;
				SWIFT_VERSION = 5.0;
				TARGETED_DEVICE_FAMILY = "1,2";
			};
			name = Debug;
		};
		9AD81E9A2B0D4DF3009ACCFC /* Release */ = {
			isa = XCBuildConfiguration;
			buildSettings = {
				ASSETCATALOG_COMPILER_APPICON_NAME = AppIcon;
				ASSETCATALOG_COMPILER_GLOBAL_ACCENT_COLOR_NAME = AccentColor;
				CODE_SIGN_ENTITLEMENTS = CaptainsCompanion/CaptainsCompanion.entitlements;
				CODE_SIGN_STYLE = Automatic;
				CURRENT_PROJECT_VERSION = 1;
				DEVELOPMENT_ASSET_PATHS = "\"CaptainsCompanion/Preview Content\"";
				DEVELOPMENT_TEAM = 87635PD639;
				ENABLE_HARDENED_RUNTIME = YES;
				"ENABLE_HARDENED_RUNTIME[sdk=macosx*]" = YES;
				ENABLE_PREVIEWS = YES;
				GENERATE_INFOPLIST_FILE = YES;
				INFOPLIST_FILE = CaptainsCompanion/Info.plist;
				"INFOPLIST_KEY_UIApplicationSceneManifest_Generation[sdk=iphoneos*]" = YES;
				"INFOPLIST_KEY_UIApplicationSceneManifest_Generation[sdk=iphonesimulator*]" = YES;
				"INFOPLIST_KEY_UIApplicationSupportsIndirectInputEvents[sdk=iphoneos*]" = YES;
				"INFOPLIST_KEY_UIApplicationSupportsIndirectInputEvents[sdk=iphonesimulator*]" = YES;
				"INFOPLIST_KEY_UILaunchScreen_Generation[sdk=iphoneos*]" = YES;
				"INFOPLIST_KEY_UILaunchScreen_Generation[sdk=iphonesimulator*]" = YES;
				"INFOPLIST_KEY_UIStatusBarStyle[sdk=iphoneos*]" = UIStatusBarStyleDefault;
				"INFOPLIST_KEY_UIStatusBarStyle[sdk=iphonesimulator*]" = UIStatusBarStyleDefault;
				INFOPLIST_KEY_UISupportedInterfaceOrientations_iPad = "UIInterfaceOrientationPortrait UIInterfaceOrientationPortraitUpsideDown UIInterfaceOrientationLandscapeLeft UIInterfaceOrientationLandscapeRight";
				INFOPLIST_KEY_UISupportedInterfaceOrientations_iPhone = "UIInterfaceOrientationPortrait UIInterfaceOrientationLandscapeLeft UIInterfaceOrientationLandscapeRight";
				IPHONEOS_DEPLOYMENT_TARGET = 17.0;
				LD_RUNPATH_SEARCH_PATHS = "@executable_path/Frameworks";
				"LD_RUNPATH_SEARCH_PATHS[sdk=macosx*]" = "@executable_path/../Frameworks";
				MACOSX_DEPLOYMENT_TARGET = 14.0;
				MARKETING_VERSION = 1.0;
				PRODUCT_BUNDLE_IDENTIFIER = sv.salacia.CaptainsCompanion;
				PRODUCT_NAME = "$(TARGET_NAME)";
				SDKROOT = auto;
				SUPPORTED_PLATFORMS = "iphoneos iphonesimulator macosx";
				SWIFT_EMIT_LOC_STRINGS = YES;
				SWIFT_VERSION = 5.0;
				TARGETED_DEVICE_FAMILY = "1,2";
			};
			name = Release;
		};
		9AD81E9C2B0D4DF3009ACCFC /* Debug */ = {
			isa = XCBuildConfiguration;
			buildSettings = {
				ALWAYS_EMBED_SWIFT_STANDARD_LIBRARIES = YES;
				BUNDLE_LOADER = "$(TEST_HOST)";
				CODE_SIGN_STYLE = Automatic;
				CURRENT_PROJECT_VERSION = 1;
				DEVELOPMENT_TEAM = 87635PD639;
				GENERATE_INFOPLIST_FILE = YES;
				IPHONEOS_DEPLOYMENT_TARGET = 17.0;
				MACOSX_DEPLOYMENT_TARGET = 14.0;
				MARKETING_VERSION = 1.0;
				PRODUCT_BUNDLE_IDENTIFIER = sv.salacia.CaptainsCompanionTests;
				PRODUCT_NAME = "$(TARGET_NAME)";
				SDKROOT = auto;
				SUPPORTED_PLATFORMS = "iphoneos iphonesimulator macosx";
				SWIFT_EMIT_LOC_STRINGS = NO;
				SWIFT_VERSION = 5.0;
				TARGETED_DEVICE_FAMILY = "1,2";
				TEST_HOST = "$(BUILT_PRODUCTS_DIR)/CaptainsCompanion.app/$(BUNDLE_EXECUTABLE_FOLDER_PATH)/CaptainsCompanion";
			};
			name = Debug;
		};
		9AD81E9D2B0D4DF3009ACCFC /* Release */ = {
			isa = XCBuildConfiguration;
			buildSettings = {
				ALWAYS_EMBED_SWIFT_STANDARD_LIBRARIES = YES;
				BUNDLE_LOADER = "$(TEST_HOST)";
				CODE_SIGN_STYLE = Automatic;
				CURRENT_PROJECT_VERSION = 1;
				DEVELOPMENT_TEAM = 87635PD639;
				GENERATE_INFOPLIST_FILE = YES;
				IPHONEOS_DEPLOYMENT_TARGET = 17.0;
				MACOSX_DEPLOYMENT_TARGET = 14.0;
				MARKETING_VERSION = 1.0;
				PRODUCT_BUNDLE_IDENTIFIER = sv.salacia.CaptainsCompanionTests;
				PRODUCT_NAME = "$(TARGET_NAME)";
				SDKROOT = auto;
				SUPPORTED_PLATFORMS = "iphoneos iphonesimulator macosx";
				SWIFT_EMIT_LOC_STRINGS = NO;
				SWIFT_VERSION = 5.0;
				TARGETED_DEVICE_FAMILY = "1,2";
				TEST_HOST = "$(BUILT_PRODUCTS_DIR)/CaptainsCompanion.app/$(BUNDLE_EXECUTABLE_FOLDER_PATH)/CaptainsCompanion";
			};
			name = Release;
		};
		9AD81E9F2B0D4DF3009ACCFC /* Debug */ = {
			isa = XCBuildConfiguration;
			buildSettings = {
				ALWAYS_EMBED_SWIFT_STANDARD_LIBRARIES = YES;
				CODE_SIGN_STYLE = Automatic;
				CURRENT_PROJECT_VERSION = 1;
				DEVELOPMENT_TEAM = 87635PD639;
				GENERATE_INFOPLIST_FILE = YES;
				IPHONEOS_DEPLOYMENT_TARGET = 17.0;
				MACOSX_DEPLOYMENT_TARGET = 14.0;
				MARKETING_VERSION = 1.0;
				PRODUCT_BUNDLE_IDENTIFIER = sv.salacia.CaptainsCompanionUITests;
				PRODUCT_NAME = "$(TARGET_NAME)";
				SDKROOT = auto;
				SUPPORTED_PLATFORMS = "iphoneos iphonesimulator macosx";
				SWIFT_EMIT_LOC_STRINGS = NO;
				SWIFT_VERSION = 5.0;
				TARGETED_DEVICE_FAMILY = "1,2";
				TEST_TARGET_NAME = CaptainsCompanion;
			};
			name = Debug;
		};
		9AD81EA02B0D4DF3009ACCFC /* Release */ = {
			isa = XCBuildConfiguration;
			buildSettings = {
				ALWAYS_EMBED_SWIFT_STANDARD_LIBRARIES = YES;
				CODE_SIGN_STYLE = Automatic;
				CURRENT_PROJECT_VERSION = 1;
				DEVELOPMENT_TEAM = 87635PD639;
				GENERATE_INFOPLIST_FILE = YES;
				IPHONEOS_DEPLOYMENT_TARGET = 17.0;
				MACOSX_DEPLOYMENT_TARGET = 14.0;
				MARKETING_VERSION = 1.0;
				PRODUCT_BUNDLE_IDENTIFIER = sv.salacia.CaptainsCompanionUITests;
				PRODUCT_NAME = "$(TARGET_NAME)";
				SDKROOT = auto;
				SUPPORTED_PLATFORMS = "iphoneos iphonesimulator macosx";
				SWIFT_EMIT_LOC_STRINGS = NO;
				SWIFT_VERSION = 5.0;
				TARGETED_DEVICE_FAMILY = "1,2";
				TEST_TARGET_NAME = CaptainsCompanion;
			};
			name = Release;
		};
/* End XCBuildConfiguration section */

/* Begin XCConfigurationList section */
		9AD81E6B2B0D4DF1009ACCFC /* Build configuration list for PBXProject "CaptainsCompanion" */ = {
			isa = XCConfigurationList;
			buildConfigurations = (
				9AD81E962B0D4DF3009ACCFC /* Debug */,
				9AD81E972B0D4DF3009ACCFC /* Release */,
			);
			defaultConfigurationIsVisible = 0;
			defaultConfigurationName = Release;
		};
		9AD81E982B0D4DF3009ACCFC /* Build configuration list for PBXNativeTarget "CaptainsCompanion" */ = {
			isa = XCConfigurationList;
			buildConfigurations = (
				9AD81E992B0D4DF3009ACCFC /* Debug */,
				9AD81E9A2B0D4DF3009ACCFC /* Release */,
			);
			defaultConfigurationIsVisible = 0;
			defaultConfigurationName = Release;
		};
		9AD81E9B2B0D4DF3009ACCFC /* Build configuration list for PBXNativeTarget "CaptainsCompanionTests" */ = {
			isa = XCConfigurationList;
			buildConfigurations = (
				9AD81E9C2B0D4DF3009ACCFC /* Debug */,
				9AD81E9D2B0D4DF3009ACCFC /* Release */,
			);
			defaultConfigurationIsVisible = 0;
			defaultConfigurationName = Release;
		};
		9AD81E9E2B0D4DF3009ACCFC /* Build configuration list for PBXNativeTarget "CaptainsCompanionUITests" */ = {
			isa = XCConfigurationList;
			buildConfigurations = (
				9AD81E9F2B0D4DF3009ACCFC /* Debug */,
				9AD81EA02B0D4DF3009ACCFC /* Release */,
			);
			defaultConfigurationIsVisible = 0;
			defaultConfigurationName = Release;
		};
/* End XCConfigurationList section */
	};
	rootObject = 9AD81E682B0D4DF1009ACCFC /* Project object */;
}
